// !$*UTF8*$!
{
	archiveVersion = 1;
	classes = {
	};
	objectVersion = 46;
	objects = {

/* Begin PBXBuildFile section */
		7B0A206C1EDF060300A2142F /* AppDelegate.swift in Sources */ = {isa = PBXBuildFile; fileRef = 7B0A206B1EDF060300A2142F /* AppDelegate.swift */; };
		7B0A206E1EDF060300A2142F /* LoginVC.swift in Sources */ = {isa = PBXBuildFile; fileRef = 7B0A206D1EDF060300A2142F /* LoginVC.swift */; };
		7B0A20711EDF060300A2142F /* Main.storyboard in Resources */ = {isa = PBXBuildFile; fileRef = 7B0A206F1EDF060300A2142F /* Main.storyboard */; };
		7B0A20731EDF060300A2142F /* Assets.xcassets in Resources */ = {isa = PBXBuildFile; fileRef = 7B0A20721EDF060300A2142F /* Assets.xcassets */; };
		7B0A20761EDF060300A2142F /* LaunchScreen.storyboard in Resources */ = {isa = PBXBuildFile; fileRef = 7B0A20741EDF060300A2142F /* LaunchScreen.storyboard */; };
		7B0A207E1EDF071600A2142F /* MusicListVC.swift in Sources */ = {isa = PBXBuildFile; fileRef = 7B0A207D1EDF071600A2142F /* MusicListVC.swift */; };
		7B0A20801EDF103900A2142F /* PlaySongVC.swift in Sources */ = {isa = PBXBuildFile; fileRef = 7B0A207F1EDF103900A2142F /* PlaySongVC.swift */; };
/* End PBXBuildFile section */

/* Begin PBXFileReference section */
		7B0A20681EDF060300A2142F /* SwappingScreen.app */ = {isa = PBXFileReference; explicitFileType = wrapper.application; includeInIndex = 0; path = SwappingScreen.app; sourceTree = BUILT_PRODUCTS_DIR; };
		7B0A206B1EDF060300A2142F /* AppDelegate.swift */ = {isa = PBXFileReference; lastKnownFileType = sourcecode.swift; path = AppDelegate.swift; sourceTree = "<group>"; };
		7B0A206D1EDF060300A2142F /* LoginVC.swift */ = {isa = PBXFileReference; lastKnownFileType = sourcecode.swift; path = LoginVC.swift; sourceTree = "<group>"; };
		7B0A20701EDF060300A2142F /* Base */ = {isa = PBXFileReference; lastKnownFileType = file.storyboard; name = Base; path = Base.lproj/Main.storyboard; sourceTree = "<group>"; };
		7B0A20721EDF060300A2142F /* Assets.xcassets */ = {isa = PBXFileReference; lastKnownFileType = folder.assetcatalog; path = Assets.xcassets; sourceTree = "<group>"; };
		7B0A20751EDF060300A2142F /* Base */ = {isa = PBXFileReference; lastKnownFileType = file.storyboard; name = Base; path = Base.lproj/LaunchScreen.storyboard; sourceTree = "<group>"; };
		7B0A20771EDF060300A2142F /* Info.plist */ = {isa = PBXFileReference; lastKnownFileType = text.plist.xml; path = Info.plist; sourceTree = "<group>"; };
		7B0A207D1EDF071600A2142F /* MusicListVC.swift */ = {isa = PBXFileReference; fileEncoding = 4; lastKnownFileType = sourcecode.swift; path = MusicListVC.swift; sourceTree = "<group>"; };
		7B0A207F1EDF103900A2142F /* PlaySongVC.swift */ = {isa = PBXFileReference; fileEncoding = 4; lastKnownFileType = sourcecode.swift; path = PlaySongVC.swift; sourceTree = "<group>"; };
/* End PBXFileReference section */

/* Begin PBXFrameworksBuildPhase section */
		7B0A20651EDF060300A2142F /* Frameworks */ = {
			isa = PBXFrameworksBuildPhase;
			buildActionMask = 2147483647;
			files = (
			);
			runOnlyForDeploymentPostprocessing = 0;
		};
/* End PBXFrameworksBuildPhase section */

/* Begin PBXGroup section */
		7B0A205F1EDF060300A2142F = {
			isa = PBXGroup;
			children = (
				7B0A207F1EDF103900A2142F /* PlaySongVC.swift */,
				7B0A206A1EDF060300A2142F /* SwappingScreen */,
				7B0A20691EDF060300A2142F /* Products */,
			);
			sourceTree = "<group>";
		};
		7B0A20691EDF060300A2142F /* Products */ = {
			isa = PBXGroup;
			children = (
				7B0A20681EDF060300A2142F /* SwappingScreen.app */,
			);
			name = Products;
			sourceTree = "<group>";
		};
		7B0A206A1EDF060300A2142F /* SwappingScreen */ = {
			isa = PBXGroup;
			children = (
				7B0A206B1EDF060300A2142F /* AppDelegate.swift */,
				7B0A206D1EDF060300A2142F /* LoginVC.swift */,
				7B0A206F1EDF060300A2142F /* Main.storyboard */,
				7B0A20721EDF060300A2142F /* Assets.xcassets */,
				7B0A20741EDF060300A2142F /* LaunchScreen.storyboard */,
				7B0A20771EDF060300A2142F /* Info.plist */,
				7B0A207D1EDF071600A2142F /* MusicListVC.swift */,
			);
			path = SwappingScreen;
			sourceTree = "<group>";
		};
/* End PBXGroup section */

/* Begin PBXNativeTarget section */
		7B0A20671EDF060300A2142F /* SwappingScreen */ = {
			isa = PBXNativeTarget;
			buildConfigurationList = 7B0A207A1EDF060300A2142F /* Build configuration list for PBXNativeTarget "SwappingScreen" */;
			buildPhases = (
				7B0A20641EDF060300A2142F /* Sources */,
				7B0A20651EDF060300A2142F /* Frameworks */,
				7B0A20661EDF060300A2142F /* Resources */,
			);
			buildRules = (
			);
			dependencies = (
			);
			name = SwappingScreen;
			productName = SwappingScreen;
			productReference = 7B0A20681EDF060300A2142F /* SwappingScreen.app */;
			productType = "com.apple.product-type.application";
		};
/* End PBXNativeTarget section */

/* Begin PBXProject section */
		7B0A20601EDF060300A2142F /* Project object */ = {
			isa = PBXProject;
			attributes = {
				LastSwiftUpdateCheck = 0830;
				LastUpgradeCheck = 0830;
				ORGANIZATIONNAME = "stefano gardano";
				TargetAttributes = {
					7B0A20671EDF060300A2142F = {
						CreatedOnToolsVersion = 8.3.2;
						ProvisioningStyle = Automatic;
					};
				};
			};
			buildConfigurationList = 7B0A20631EDF060300A2142F /* Build configuration list for PBXProject "SwappingScreen" */;
			compatibilityVersion = "Xcode 3.2";
			developmentRegion = English;
			hasScannedForEncodings = 0;
			knownRegions = (
				en,
				Base,
			);
			mainGroup = 7B0A205F1EDF060300A2142F;
			productRefGroup = 7B0A20691EDF060300A2142F /* Products */;
			projectDirPath = "";
			projectRoot = "";
			targets = (
				7B0A20671EDF060300A2142F /* SwappingScreen */,
			);
		};
/* End PBXProject section */

/* Begin PBXResourcesBuildPhase section */
		7B0A20661EDF060300A2142F /* Resources */ = {
			isa = PBXResourcesBuildPhase;
			buildActionMask = 2147483647;
			files = (
				7B0A20761EDF060300A2142F /* LaunchScreen.storyboard in Resources */,
				7B0A20731EDF060300A2142F /* Assets.xcassets in Resources */,
				7B0A20711EDF060300A2142F /* Main.storyboard in Resources */,
			);
			runOnlyForDeploymentPostprocessing = 0;
		};
/* End PBXResourcesBuildPhase section */

/* Begin PBXSourcesBuildPhase section */
		7B0A20641EDF060300A2142F /* Sources */ = {
			isa = PBXSourcesBuildPhase;
			buildActionMask = 2147483647;
			files = (
				7B0A207E1EDF071600A2142F /* MusicListVC.swift in Sources */,
				7B0A20801EDF103900A2142F /* PlaySongVC.swift in Sources */,
				7B0A206E1EDF060300A2142F /* LoginVC.swift in Sources */,
				7B0A206C1EDF060300A2142F /* AppDelegate.swift in Sources */,
			);
			runOnlyForDeploymentPostprocessing = 0;
		};
/* End PBXSourcesBuildPhase section */

/* Begin PBXVariantGroup section */
		7B0A206F1EDF060300A2142F /* Main.storyboard */ = {
			isa = PBXVariantGroup;
			children = (
				7B0A20701EDF060300A2142F /* Base */,
			);
			name = Main.storyboard;
			sourceTree = "<group>";
		};
		7B0A20741EDF060300A2142F /* LaunchScreen.storyboard */ = {
			isa = PBXVariantGroup;
			children = (
				7B0A20751EDF060300A2142F /* Base */,
			);
			name = LaunchScreen.storyboard;
			sourceTree = "<group>";
		};
/* End PBXVariantGroup section */

/* Begin XCBuildConfiguration section */
		7B0A20781EDF060300A2142F /* Debug */ = {
			isa = XCBuildConfiguration;
			buildSettings = {
				ALWAYS_SEARCH_USER_PATHS = NO;
				CLANG_ANALYZER_NONNULL = YES;
				CLANG_ANALYZER_NUMBER_OBJECT_CONVERSION = YES_AGGRESSIVE;
				CLANG_CXX_LANGUAGE_STANDARD = "gnu++0x";
				CLANG_CXX_LIBRARY = "libc++";
				CLANG_ENABLE_MODULES = YES;
				CLANG_ENABLE_OBJC_ARC = YES;
				CLANG_WARN_BOOL_CONVERSION = YES;
				CLANG_WARN_CONSTANT_CONVERSION = YES;
				CLANG_WARN_DIRECT_OBJC_ISA_USAGE = YES_ERROR;
				CLANG_WARN_DOCUMENTATION_COMMENTS = YES;
				CLANG_WARN_EMPTY_BODY = YES;
				CLANG_WARN_ENUM_CONVERSION = YES;
				CLANG_WARN_INFINITE_RECURSION = YES;
				CLANG_WARN_INT_CONVERSION = YES;
				CLANG_WARN_OBJC_ROOT_CLASS = YES_ERROR;
				CLANG_WARN_SUSPICIOUS_MOVE = YES;
				CLANG_WARN_UNREACHABLE_CODE = YES;
				CLANG_WARN__DUPLICATE_METHOD_MATCH = YES;
				"CODE_SIGN_IDENTITY[sdk=iphoneos*]" = "iPhone Developer";
				COPY_PHASE_STRIP = NO;
				DEBUG_INFORMATION_FORMAT = dwarf;
				ENABLE_STRICT_OBJC_MSGSEND = YES;
				ENABLE_TESTABILITY = YES;
				GCC_C_LANGUAGE_STANDARD = gnu99;
				GCC_DYNAMIC_NO_PIC = NO;
				GCC_NO_COMMON_BLOCKS = YES;
				GCC_OPTIMIZATION_LEVEL = 0;
				GCC_PREPROCESSOR_DEFINITIONS = (
					"DEBUG=1",
					"$(inherited)",
				);
				GCC_WARN_64_TO_32_BIT_CONVERSION = YES;
				GCC_WARN_ABOUT_RETURN_TYPE = YES_ERROR;
				GCC_WARN_UNDECLARED_SELECTOR = YES;
				GCC_WARN_UNINITIALIZED_AUTOS = YES_AGGRESSIVE;
				GCC_WARN_UNUSED_FUNCTION = YES;
				GCC_WARN_UNUSED_VARIABLE = YES;
				IPHONEOS_DEPLOYMENT_TARGET = 10.3;
				MTL_ENABLE_DEBUG_INFO = YES;
				ONLY_ACTIVE_ARCH = YES;
				SDKROOT = iphoneos;
				SWIFT_ACTIVE_COMPILATION_CONDITIONS = DEBUG;
				SWIFT_OPTIMIZATION_LEVEL = "-Onone";
			};
			name = Debug;
		};
		7B0A20791EDF060300A2142F /* Release */ = {
			isa = XCBuildConfiguration;
			buildSettings = {
				ALWAYS_SEARCH_USER_PATHS = NO;
				CLANG_ANALYZER_NONNULL = YES;
				CLANG_ANALYZER_NUMBER_OBJECT_CONVERSION = YES_AGGRESSIVE;
				CLANG_CXX_LANGUAGE_STANDARD = "gnu++0x";
				CLANG_CXX_LIBRARY = "libc++";
				CLANG_ENABLE_MODULES = YES;
				CLANG_ENABLE_OBJC_ARC = YES;
				CLANG_WARN_BOOL_CONVERSION = YES;
				CLANG_WARN_CONSTANT_CONVERSION = YES;
				CLANG_WARN_DIRECT_OBJC_ISA_USAGE = YES_ERROR;
				CLANG_WARN_DOCUMENTATION_COMMENTS = YES;
				CLANG_WARN_EMPTY_BODY = YES;
				CLANG_WARN_ENUM_CONVERSION = YES;
				CLANG_WARN_INFINITE_RECURSION = YES;
				CLANG_WARN_INT_CONVERSION = YES;
				CLANG_WARN_OBJC_ROOT_CLASS = YES_ERROR;
				CLANG_WARN_SUSPICIOUS_MOVE = YES;
				CLANG_WARN_UNREACHABLE_CODE = YES;
				CLANG_WARN__DUPLICATE_METHOD_MATCH = YES;
				"CODE_SIGN_IDENTITY[sdk=iphoneos*]" = "iPhone Developer";
				COPY_PHASE_STRIP = NO;
				DEBUG_INFORMATION_FORMAT = "dwarf-with-dsym";
				ENABLE_NS_ASSERTIONS = NO;
				ENABLE_STRICT_OBJC_MSGSEND = YES;
				GCC_C_LANGUAGE_STANDARD = gnu99;
				GCC_NO_COMMON_BLOCKS = YES;
				GCC_WARN_64_TO_32_BIT_CONVERSION = YES;
				GCC_WARN_ABOUT_RETURN_TYPE = YES_ERROR;
				GCC_WARN_UNDECLARED_SELECTOR = YES;
				GCC_WARN_UNINITIALIZED_AUTOS = YES_AGGRESSIVE;
				GCC_WARN_UNUSED_FUNCTION = YES;
				GCC_WARN_UNUSED_VARIABLE = YES;
				IPHONEOS_DEPLOYMENT_TARGET = 10.3;
				MTL_ENABLE_DEBUG_INFO = NO;
				SDKROOT = iphoneos;
				SWIFT_OPTIMIZATION_LEVEL = "-Owholemodule";
				VALIDATE_PRODUCT = YES;
			};
			name = Release;
		};
		7B0A207B1EDF060300A2142F /* Debug */ = {
			isa = XCBuildConfiguration;
			buildSettings = {
				ASSETCATALOG_COMPILER_APPICON_NAME = AppIcon;
				INFOPLIST_FILE = SwappingScreen/Info.plist;
				LD_RUNPATH_SEARCH_PATHS = "$(inherited) @executable_path/Frameworks";
				PRODUCT_BUNDLE_IDENTIFIER = com.sfproduction.SwappingScreen;
				PRODUCT_NAME = "$(TARGET_NAME)";
				SWIFT_VERSION = 3.0;
			};
			name = Debug;
		};
		7B0A207C1EDF060300A2142F /* Release */ = {
			isa = XCBuildConfiguration;
			buildSettings = {
				ASSETCATALOG_COMPILER_APPICON_NAME = AppIcon;
				INFOPLIST_FILE = SwappingScreen/Info.plist;
				LD_RUNPATH_SEARCH_PATHS = "$(inherited) @executable_path/Frameworks";
				PRODUCT_BUNDLE_IDENTIFIER = com.sfproduction.SwappingScreen;
				PRODUCT_NAME = "$(TARGET_NAME)";
				SWIFT_VERSION = 3.0;
			};
			name = Release;
		};
/* End XCBuildConfiguration section */

/* Begin XCConfigurationList section */
		7B0A20631EDF060300A2142F /* Build configuration list for PBXProject "SwappingScreen" */ = {
			isa = XCConfigurationList;
			buildConfigurations = (
				7B0A20781EDF060300A2142F /* Debug */,
				7B0A20791EDF060300A2142F /* Release */,
			);
			defaultConfigurationIsVisible = 0;
			defaultConfigurationName = Release;
		};
		7B0A207A1EDF060300A2142F /* Build configuration list for PBXNativeTarget "SwappingScreen" */ = {
			isa = XCConfigurationList;
			buildConfigurations = (
				7B0A207B1EDF060300A2142F /* Debug */,
				7B0A207C1EDF060300A2142F /* Release */,
			);
			defaultConfigurationIsVisible = 0;
		};
/* End XCConfigurationList section */
	};
	rootObject = 7B0A20601EDF060300A2142F /* Project object */;
}
